
Microsoft Visual Studio Solution File, Format Version 12.00
# Visual Studio Version 17
VisualStudioVersion = 17.10.34916.146
MinimumVisualStudioVersion = 10.0.40219.1
Project("{FAE04EC0-301F-11D3-BF4B-00C04F79EFBC}") = "Praksa1Tests", "..\Praksa1Tests\Praksa1Tests.csproj", "{99DE878C-D0D8-4C3B-A1BE-8C785DA76DAF}"
	ProjectSection(ProjectDependencies) = postProject
		{0A170AA5-23EA-4739-BC81-AFE54BC29425} = {0A170AA5-23EA-4739-BC81-AFE54BC29425}
	EndProjectSection
EndProject
Project("{FAE04EC0-301F-11D3-BF4B-00C04F79EFBC}") = "Praksa", "..\Praksa\Praksa.csproj", "{0A170AA5-23EA-4739-BC81-AFE54BC29425}"
EndProject
Global
	GlobalSection(SolutionConfigurationPlatforms) = preSolution
		Debug|Any CPU = Debug|Any CPU
		Release|Any CPU = Release|Any CPU
	EndGlobalSection
	GlobalSection(ProjectConfigurationPlatforms) = postSolution
		{99DE878C-D0D8-4C3B-A1BE-8C785DA76DAF}.Debug|Any CPU.ActiveCfg = Debug|Any CPU
		{99DE878C-D0D8-4C3B-A1BE-8C785DA76DAF}.Debug|Any CPU.Build.0 = Debug|Any CPU
		{99DE878C-D0D8-4C3B-A1BE-8C785DA76DAF}.Release|Any CPU.ActiveCfg = Release|Any CPU
		{99DE878C-D0D8-4C3B-A1BE-8C785DA76DAF}.Release|Any CPU.Build.0 = Release|Any CPU
		{0A170AA5-23EA-4739-BC81-AFE54BC29425}.Debug|Any CPU.ActiveCfg = Debug|Any CPU
		{0A170AA5-23EA-4739-BC81-AFE54BC29425}.Debug|Any CPU.Build.0 = Debug|Any CPU
		{0A170AA5-23EA-4739-BC81-AFE54BC29425}.Release|Any CPU.ActiveCfg = Release|Any CPU
		{0A170AA5-23EA-4739-BC81-AFE54BC29425}.Release|Any CPU.Build.0 = Release|Any CPU
	EndGlobalSection
	GlobalSection(SolutionProperties) = preSolution
		HideSolutionNode = FALSE
	EndGlobalSection
	GlobalSection(ExtensibilityGlobals) = postSolution
		SolutionGuid = {16653EB2-DD65-48ED-B823-CAF9C6E1A8F2}
	EndGlobalSection
EndGlobal
