
Microsoft Visual Studio Solution File, Format Version 12.00
# Visual Studio Version 17
VisualStudioVersion = 17.10.34916.146
MinimumVisualStudioVersion = 10.0.40219.1
Project("{FAE04EC0-301F-11D3-BF4B-00C04F79EFBC}") = "A_Star_algorithm", "A_Star_algorithm.csproj", "{FB4D5246-16F9-4103-ACE1-F32D02F7EDD4}"
EndProject
Global
	GlobalSection(SolutionConfigurationPlatforms) = preSolution
		Debug|Any CPU = Debug|Any CPU
		Release|Any CPU = Release|Any CPU
	EndGlobalSection
	GlobalSection(ProjectConfigurationPlatforms) = postSolution
		{FB4D5246-16F9-4103-ACE1-F32D02F7EDD4}.Debug|Any CPU.ActiveCfg = Debug|Any CPU
		{FB4D5246-16F9-4103-ACE1-F32D02F7EDD4}.Debug|Any CPU.Build.0 = Debug|Any CPU
		{FB4D5246-16F9-4103-ACE1-F32D02F7EDD4}.Release|Any CPU.ActiveCfg = Release|Any CPU
		{FB4D5246-16F9-4103-ACE1-F32D02F7EDD4}.Release|Any CPU.Build.0 = Release|Any CPU
	EndGlobalSection
	GlobalSection(SolutionProperties) = preSolution
		HideSolutionNode = FALSE
	EndGlobalSection
	GlobalSection(ExtensibilityGlobals) = postSolution
		SolutionGuid = {28D1083A-1FF0-4EFA-B7A0-1B1081FE58C5}
	EndGlobalSection
EndGlobal
